// !$*UTF8*$!
{
	archiveVersion = 1;
	classes = {
	};
	objectVersion = 46;
	objects = {

/* Begin PBXBuildFile section */
		1FCC56C418F1A7A5CE54E44D /* libPods-XAHealth.a in Frameworks */ = {isa = PBXBuildFile; fileRef = D590867F676F74177687A3E9 /* libPods-XAHealth.a */; };
		68421FF91EF8CFC9003B186E /* MMDrawerBarButtonItem.m in Sources */ = {isa = PBXBuildFile; fileRef = 68421FEF1EF8CFC9003B186E /* MMDrawerBarButtonItem.m */; };
		68421FFA1EF8CFC9003B186E /* MMDrawerController.m in Sources */ = {isa = PBXBuildFile; fileRef = 68421FF21EF8CFC9003B186E /* MMDrawerController.m */; };
		68421FFB1EF8CFC9003B186E /* MMDrawerVisualState.m in Sources */ = {isa = PBXBuildFile; fileRef = 68421FF41EF8CFC9003B186E /* MMDrawerVisualState.m */; };
		68421FFC1EF8CFC9003B186E /* MMExampleDrawerVisualStateManager.m in Sources */ = {isa = PBXBuildFile; fileRef = 68421FF61EF8CFC9003B186E /* MMExampleDrawerVisualStateManager.m */; };
		68421FFD1EF8CFC9003B186E /* UIViewController+MMDrawerController.m in Sources */ = {isa = PBXBuildFile; fileRef = 68421FF81EF8CFC9003B186E /* UIViewController+MMDrawerController.m */; };
		684220051EF8D2A2003B186E /* XAMainTabBarController.m in Sources */ = {isa = PBXBuildFile; fileRef = 684220041EF8D2A2003B186E /* XAMainTabBarController.m */; };
		6842200E1EF8EB05003B186E /* XAMenuViewController.m in Sources */ = {isa = PBXBuildFile; fileRef = 6842200D1EF8EB05003B186E /* XAMenuViewController.m */; };
		684220131EF90066003B186E /* XABaseViewControllerManager.m in Sources */ = {isa = PBXBuildFile; fileRef = 684220121EF90066003B186E /* XABaseViewControllerManager.m */; };
		6842201A1EF91290003B186E /* main_home@2x.png in Resources */ = {isa = PBXBuildFile; fileRef = 684220191EF91290003B186E /* main_home@2x.png */; };
		686E5C9A1EF26635003771DC /* AppDelegate.m in Sources */ = {isa = PBXBuildFile; fileRef = 686E5C8F1EF26635003771DC /* AppDelegate.m */; };
		686E5C9C1EF26635003771DC /* Assets.xcassets in Resources */ = {isa = PBXBuildFile; fileRef = 686E5C931EF26635003771DC /* Assets.xcassets */; };
		686E5C9D1EF26635003771DC /* LaunchScreen.storyboard in Resources */ = {isa = PBXBuildFile; fileRef = 686E5C941EF26635003771DC /* LaunchScreen.storyboard */; };
		686E5C9E1EF26635003771DC /* Main.storyboard in Resources */ = {isa = PBXBuildFile; fileRef = 686E5C961EF26635003771DC /* Main.storyboard */; };
		686E5CA01EF26635003771DC /* main.m in Sources */ = {isa = PBXBuildFile; fileRef = 686E5C991EF26635003771DC /* main.m */; };
/* End PBXBuildFile section */

/* Begin PBXFileReference section */
		41206616A5DC48F36C56E2F8 /* Pods-XAHealth.release.xcconfig */ = {isa = PBXFileReference; includeInIndex = 1; lastKnownFileType = text.xcconfig; name = "Pods-XAHealth.release.xcconfig"; path = "Pods/Target Support Files/Pods-XAHealth/Pods-XAHealth.release.xcconfig"; sourceTree = "<group>"; };
		68421FEE1EF8CFC9003B186E /* MMDrawerBarButtonItem.h */ = {isa = PBXFileReference; fileEncoding = 4; lastKnownFileType = sourcecode.c.h; path = MMDrawerBarButtonItem.h; sourceTree = "<group>"; };
		68421FEF1EF8CFC9003B186E /* MMDrawerBarButtonItem.m */ = {isa = PBXFileReference; fileEncoding = 4; lastKnownFileType = sourcecode.c.objc; path = MMDrawerBarButtonItem.m; sourceTree = "<group>"; };
		68421FF01EF8CFC9003B186E /* MMDrawerController+Subclass.h */ = {isa = PBXFileReference; fileEncoding = 4; lastKnownFileType = sourcecode.c.h; path = "MMDrawerController+Subclass.h"; sourceTree = "<group>"; };
		68421FF11EF8CFC9003B186E /* MMDrawerController.h */ = {isa = PBXFileReference; fileEncoding = 4; lastKnownFileType = sourcecode.c.h; path = MMDrawerController.h; sourceTree = "<group>"; };
		68421FF21EF8CFC9003B186E /* MMDrawerController.m */ = {isa = PBXFileReference; fileEncoding = 4; lastKnownFileType = sourcecode.c.objc; path = MMDrawerController.m; sourceTree = "<group>"; };
		68421FF31EF8CFC9003B186E /* MMDrawerVisualState.h */ = {isa = PBXFileReference; fileEncoding = 4; lastKnownFileType = sourcecode.c.h; path = MMDrawerVisualState.h; sourceTree = "<group>"; };
		68421FF41EF8CFC9003B186E /* MMDrawerVisualState.m */ = {isa = PBXFileReference; fileEncoding = 4; lastKnownFileType = sourcecode.c.objc; path = MMDrawerVisualState.m; sourceTree = "<group>"; };
		68421FF51EF8CFC9003B186E /* MMExampleDrawerVisualStateManager.h */ = {isa = PBXFileReference; fileEncoding = 4; lastKnownFileType = sourcecode.c.h; path = MMExampleDrawerVisualStateManager.h; sourceTree = "<group>"; };
		68421FF61EF8CFC9003B186E /* MMExampleDrawerVisualStateManager.m */ = {isa = PBXFileReference; fileEncoding = 4; lastKnownFileType = sourcecode.c.objc; path = MMExampleDrawerVisualStateManager.m; sourceTree = "<group>"; };
		68421FF71EF8CFC9003B186E /* UIViewController+MMDrawerController.h */ = {isa = PBXFileReference; fileEncoding = 4; lastKnownFileType = sourcecode.c.h; path = "UIViewController+MMDrawerController.h"; sourceTree = "<group>"; };
		68421FF81EF8CFC9003B186E /* UIViewController+MMDrawerController.m */ = {isa = PBXFileReference; fileEncoding = 4; lastKnownFileType = sourcecode.c.objc; path = "UIViewController+MMDrawerController.m"; sourceTree = "<group>"; };
		684220031EF8D2A2003B186E /* XAMainTabBarController.h */ = {isa = PBXFileReference; fileEncoding = 4; lastKnownFileType = sourcecode.c.h; path = XAMainTabBarController.h; sourceTree = "<group>"; };
		684220041EF8D2A2003B186E /* XAMainTabBarController.m */ = {isa = PBXFileReference; fileEncoding = 4; lastKnownFileType = sourcecode.c.objc; path = XAMainTabBarController.m; sourceTree = "<group>"; };
		6842200C1EF8EB05003B186E /* XAMenuViewController.h */ = {isa = PBXFileReference; fileEncoding = 4; lastKnownFileType = sourcecode.c.h; path = XAMenuViewController.h; sourceTree = "<group>"; };
		6842200D1EF8EB05003B186E /* XAMenuViewController.m */ = {isa = PBXFileReference; fileEncoding = 4; lastKnownFileType = sourcecode.c.objc; path = XAMenuViewController.m; sourceTree = "<group>"; };
		684220101EF8EDE4003B186E /* XACommonDefine.h */ = {isa = PBXFileReference; lastKnownFileType = sourcecode.c.h; path = XACommonDefine.h; sourceTree = "<group>"; };
		684220111EF90066003B186E /* XABaseViewControllerManager.h */ = {isa = PBXFileReference; fileEncoding = 4; lastKnownFileType = sourcecode.c.h; path = XABaseViewControllerManager.h; sourceTree = "<group>"; };
		684220121EF90066003B186E /* XABaseViewControllerManager.m */ = {isa = PBXFileReference; fileEncoding = 4; lastKnownFileType = sourcecode.c.objc; path = XABaseViewControllerManager.m; sourceTree = "<group>"; };
		684220191EF91290003B186E /* main_home@2x.png */ = {isa = PBXFileReference; lastKnownFileType = image.png; path = "main_home@2x.png"; sourceTree = "<group>"; };
		686E5C711EF26555003771DC /* XAHealth.app */ = {isa = PBXFileReference; explicitFileType = wrapper.application; includeInIndex = 0; path = XAHealth.app; sourceTree = BUILT_PRODUCTS_DIR; };
		686E5C8E1EF26635003771DC /* AppDelegate.h */ = {isa = PBXFileReference; fileEncoding = 4; lastKnownFileType = sourcecode.c.h; path = AppDelegate.h; sourceTree = "<group>"; };
		686E5C8F1EF26635003771DC /* AppDelegate.m */ = {isa = PBXFileReference; fileEncoding = 4; lastKnownFileType = sourcecode.c.objc; path = AppDelegate.m; sourceTree = "<group>"; };
		686E5C931EF26635003771DC /* Assets.xcassets */ = {isa = PBXFileReference; lastKnownFileType = folder.assetcatalog; path = Assets.xcassets; sourceTree = "<group>"; };
		686E5C951EF26635003771DC /* Base */ = {isa = PBXFileReference; lastKnownFileType = file.storyboard; name = Base; path = Base.lproj/LaunchScreen.storyboard; sourceTree = "<group>"; };
		686E5C971EF26635003771DC /* Base */ = {isa = PBXFileReference; lastKnownFileType = file.storyboard; name = Base; path = Base.lproj/Main.storyboard; sourceTree = "<group>"; };
		686E5C981EF26635003771DC /* Info.plist */ = {isa = PBXFileReference; fileEncoding = 4; lastKnownFileType = text.plist.xml; path = Info.plist; sourceTree = "<group>"; };
		686E5C991EF26635003771DC /* main.m */ = {isa = PBXFileReference; fileEncoding = 4; lastKnownFileType = sourcecode.c.objc; path = main.m; sourceTree = "<group>"; };
		D590867F676F74177687A3E9 /* libPods-XAHealth.a */ = {isa = PBXFileReference; explicitFileType = archive.ar; includeInIndex = 0; path = "libPods-XAHealth.a"; sourceTree = BUILT_PRODUCTS_DIR; };
		E5E5898C3E9F0812427252AD /* Pods-XAHealth.debug.xcconfig */ = {isa = PBXFileReference; includeInIndex = 1; lastKnownFileType = text.xcconfig; name = "Pods-XAHealth.debug.xcconfig"; path = "Pods/Target Support Files/Pods-XAHealth/Pods-XAHealth.debug.xcconfig"; sourceTree = "<group>"; };
/* End PBXFileReference section */

/* Begin PBXFrameworksBuildPhase section */
		686E5C6E1EF26555003771DC /* Frameworks */ = {
			isa = PBXFrameworksBuildPhase;
			buildActionMask = 2147483647;
			files = (
				1FCC56C418F1A7A5CE54E44D /* libPods-XAHealth.a in Frameworks */,
			);
			runOnlyForDeploymentPostprocessing = 0;
		};
/* End PBXFrameworksBuildPhase section */

/* Begin PBXGroup section */
		68421FE61EF8CBDC003B186E /* OpenSource */ = {
			isa = PBXGroup;
			children = (
				68421FED1EF8CFC9003B186E /* MMDrawerController */,
			);
			path = OpenSource;
			sourceTree = "<group>";
		};
		68421FE71EF8CBE7003B186E /* Guide */ = {
			isa = PBXGroup;
			children = (
			);
			path = Guide;
			sourceTree = "<group>";
		};
		68421FE81EF8CBE7003B186E /* Home */ = {
			isa = PBXGroup;
			children = (
			);
			path = Home;
			sourceTree = "<group>";
		};
		68421FE91EF8CBE7003B186E /* Menu */ = {
			isa = PBXGroup;
			children = (
				684220061EF8D460003B186E /* Controller */,
				684220071EF8D460003B186E /* Model */,
				684220081EF8D460003B186E /* View */,
			);
			path = Menu;
			sourceTree = "<group>";
		};
		68421FEA1EF8CBE7003B186E /* Record */ = {
			isa = PBXGroup;
			children = (
			);
			path = Record;
			sourceTree = "<group>";
		};
		68421FEB1EF8CFAD003B186E /* Cotegory */ = {
			isa = PBXGroup;
			children = (
			);
			path = Cotegory;
			sourceTree = "<group>";
		};
		68421FEC1EF8CFAD003B186E /* ReadPath */ = {
			isa = PBXGroup;
			children = (
			);
			path = ReadPath;
			sourceTree = "<group>";
		};
		68421FED1EF8CFC9003B186E /* MMDrawerController */ = {
			isa = PBXGroup;
			children = (
				68421FEE1EF8CFC9003B186E /* MMDrawerBarButtonItem.h */,
				68421FEF1EF8CFC9003B186E /* MMDrawerBarButtonItem.m */,
				68421FF01EF8CFC9003B186E /* MMDrawerController+Subclass.h */,
				68421FF11EF8CFC9003B186E /* MMDrawerController.h */,
				68421FF21EF8CFC9003B186E /* MMDrawerController.m */,
				68421FF31EF8CFC9003B186E /* MMDrawerVisualState.h */,
				68421FF41EF8CFC9003B186E /* MMDrawerVisualState.m */,
				68421FF51EF8CFC9003B186E /* MMExampleDrawerVisualStateManager.h */,
				68421FF61EF8CFC9003B186E /* MMExampleDrawerVisualStateManager.m */,
				68421FF71EF8CFC9003B186E /* UIViewController+MMDrawerController.h */,
				68421FF81EF8CFC9003B186E /* UIViewController+MMDrawerController.m */,
			);
			path = MMDrawerController;
			sourceTree = "<group>";
		};
		68421FFE1EF8D184003B186E /* Controller */ = {
			isa = PBXGroup;
			children = (
				684220031EF8D2A2003B186E /* XAMainTabBarController.h */,
				684220041EF8D2A2003B186E /* XAMainTabBarController.m */,
			);
			path = Controller;
			sourceTree = "<group>";
		};
		68421FFF1EF8D184003B186E /* Model */ = {
			isa = PBXGroup;
			children = (
			);
			path = Model;
			sourceTree = "<group>";
		};
		684220001EF8D184003B186E /* View */ = {
			isa = PBXGroup;
			children = (
			);
			path = View;
			sourceTree = "<group>";
		};
		684220011EF8D184003B186E /* ViewModel */ = {
			isa = PBXGroup;
			children = (
			);
			path = ViewModel;
			sourceTree = "<group>";
		};
		684220021EF8D1B5003B186E /* Tool */ = {
			isa = PBXGroup;
			children = (
				684220111EF90066003B186E /* XABaseViewControllerManager.h */,
				684220121EF90066003B186E /* XABaseViewControllerManager.m */,
			);
			path = Tool;
			sourceTree = "<group>";
		};
		684220061EF8D460003B186E /* Controller */ = {
			isa = PBXGroup;
			children = (
				6842200C1EF8EB05003B186E /* XAMenuViewController.h */,
				6842200D1EF8EB05003B186E /* XAMenuViewController.m */,
			);
			path = Controller;
			sourceTree = "<group>";
		};
		684220071EF8D460003B186E /* Model */ = {
			isa = PBXGroup;
			children = (
			);
			path = Model;
			sourceTree = "<group>";
		};
		684220081EF8D460003B186E /* View */ = {
			isa = PBXGroup;
			children = (
			);
			path = View;
			sourceTree = "<group>";
		};
		6842200F1EF8EDCD003B186E /* CommonDefine */ = {
			isa = PBXGroup;
			children = (
				684220101EF8EDE4003B186E /* XACommonDefine.h */,
			);
			path = CommonDefine;
			sourceTree = "<group>";
		};
		684220141EF90B12003B186E /* SupportIcon */ = {
			isa = PBXGroup;
			children = (
				684220181EF91290003B186E /* main */,
			);
			path = SupportIcon;
			sourceTree = "<group>";
		};
		684220181EF91290003B186E /* main */ = {
			isa = PBXGroup;
			children = (
				684220191EF91290003B186E /* main_home@2x.png */,
			);
			path = main;
			sourceTree = "<group>";
		};
		686E5C681EF26555003771DC = {
			isa = PBXGroup;
			children = (
				686E5C731EF26555003771DC /* XAHealth */,
				686E5C721EF26555003771DC /* Products */,
				EAF981C4A602155A4FF350C5 /* Pods */,
				B60D9E55BED4BC0F58A39CEB /* Frameworks */,
			);
			sourceTree = "<group>";
		};
		686E5C721EF26555003771DC /* Products */ = {
			isa = PBXGroup;
			children = (
				686E5C711EF26555003771DC /* XAHealth.app */,
			);
			name = Products;
			sourceTree = "<group>";
		};
		686E5C731EF26555003771DC /* XAHealth */ = {
			isa = PBXGroup;
			children = (
				686E5C8B1EF26635003771DC /* Classes */,
				686E5C8C1EF26635003771DC /* Common */,
				686E5C8D1EF26635003771DC /* Main */,
				686E5C921EF26635003771DC /* Supporting Files */,
			);
			path = XAHealth;
			sourceTree = "<group>";
		};
		686E5C8B1EF26635003771DC /* Classes */ = {
			isa = PBXGroup;
			children = (
				68421FE71EF8CBE7003B186E /* Guide */,
				68421FE81EF8CBE7003B186E /* Home */,
				68421FE91EF8CBE7003B186E /* Menu */,
				68421FEA1EF8CBE7003B186E /* Record */,
				686E5CA11EF26727003771DC /* PersonalCenter */,
			);
			path = Classes;
			sourceTree = "<group>";
		};
		686E5C8C1EF26635003771DC /* Common */ = {
			isa = PBXGroup;
			children = (
				6842200F1EF8EDCD003B186E /* CommonDefine */,
				68421FEB1EF8CFAD003B186E /* Cotegory */,
				68421FEC1EF8CFAD003B186E /* ReadPath */,
				68421FE61EF8CBDC003B186E /* OpenSource */,
			);
			path = Common;
			sourceTree = "<group>";
		};
		686E5C8D1EF26635003771DC /* Main */ = {
			isa = PBXGroup;
			children = (
				684220021EF8D1B5003B186E /* Tool */,
				68421FFE1EF8D184003B186E /* Controller */,
				68421FFF1EF8D184003B186E /* Model */,
				684220001EF8D184003B186E /* View */,
				684220011EF8D184003B186E /* ViewModel */,
				686E5C8E1EF26635003771DC /* AppDelegate.h */,
				686E5C8F1EF26635003771DC /* AppDelegate.m */,
			);
			path = Main;
			sourceTree = "<group>";
		};
		686E5C921EF26635003771DC /* Supporting Files */ = {
			isa = PBXGroup;
			children = (
				684220141EF90B12003B186E /* SupportIcon */,
				686E5C931EF26635003771DC /* Assets.xcassets */,
				686E5C941EF26635003771DC /* LaunchScreen.storyboard */,
				686E5C961EF26635003771DC /* Main.storyboard */,
				686E5C981EF26635003771DC /* Info.plist */,
				686E5C991EF26635003771DC /* main.m */,
			);
			path = "Supporting Files";
			sourceTree = "<group>";
		};
		686E5CA11EF26727003771DC /* PersonalCenter */ = {
			isa = PBXGroup;
			children = (
				686E5CA21EF26727003771DC /* Login */,
				686E5CA31EF26727003771DC /* PersonalInfo */,
				686E5CA41EF26727003771DC /* Register */,
			);
			path = PersonalCenter;
			sourceTree = "<group>";
		};
		686E5CA21EF26727003771DC /* Login */ = {
			isa = PBXGroup;
			children = (
			);
			path = Login;
			sourceTree = "<group>";
		};
		686E5CA31EF26727003771DC /* PersonalInfo */ = {
			isa = PBXGroup;
			children = (
			);
			path = PersonalInfo;
			sourceTree = "<group>";
		};
		686E5CA41EF26727003771DC /* Register */ = {
			isa = PBXGroup;
			children = (
			);
			path = Register;
			sourceTree = "<group>";
		};
		B60D9E55BED4BC0F58A39CEB /* Frameworks */ = {
			isa = PBXGroup;
			children = (
				D590867F676F74177687A3E9 /* libPods-XAHealth.a */,
			);
			name = Frameworks;
			sourceTree = "<group>";
		};
		EAF981C4A602155A4FF350C5 /* Pods */ = {
			isa = PBXGroup;
			children = (
				E5E5898C3E9F0812427252AD /* Pods-XAHealth.debug.xcconfig */,
				41206616A5DC48F36C56E2F8 /* Pods-XAHealth.release.xcconfig */,
			);
			name = Pods;
			sourceTree = "<group>";
		};
/* End PBXGroup section */

/* Begin PBXNativeTarget section */
		686E5C701EF26555003771DC /* XAHealth */ = {
			isa = PBXNativeTarget;
			buildConfigurationList = 686E5C881EF26556003771DC /* Build configuration list for PBXNativeTarget "XAHealth" */;
			buildPhases = (
				FA43CBBE22C2DE1E5A51523A /* [CP] Check Pods Manifest.lock */,
				686E5C6D1EF26555003771DC /* Sources */,
				686E5C6E1EF26555003771DC /* Frameworks */,
				686E5C6F1EF26555003771DC /* Resources */,
				FE2CF0F92330F7B822862ED8 /* [CP] Embed Pods Frameworks */,
				E348F9ED5AEBED2CB66D2C8F /* [CP] Copy Pods Resources */,
			);
			buildRules = (
			);
			dependencies = (
			);
			name = XAHealth;
			productName = XAHealth;
			productReference = 686E5C711EF26555003771DC /* XAHealth.app */;
			productType = "com.apple.product-type.application";
		};
/* End PBXNativeTarget section */

/* Begin PBXProject section */
		686E5C691EF26555003771DC /* Project object */ = {
			isa = PBXProject;
			attributes = {
				LastUpgradeCheck = 0830;
				ORGANIZATIONNAME = XingYang;
				TargetAttributes = {
					686E5C701EF26555003771DC = {
						CreatedOnToolsVersion = 8.3.3;
						DevelopmentTeam = 79GP3DY33X;
						ProvisioningStyle = Automatic;
					};
				};
			};
			buildConfigurationList = 686E5C6C1EF26555003771DC /* Build configuration list for PBXProject "XAHealth" */;
			compatibilityVersion = "Xcode 3.2";
			developmentRegion = English;
			hasScannedForEncodings = 0;
			knownRegions = (
				en,
				Base,
			);
			mainGroup = 686E5C681EF26555003771DC;
			productRefGroup = 686E5C721EF26555003771DC /* Products */;
			projectDirPath = "";
			projectRoot = "";
			targets = (
				686E5C701EF26555003771DC /* XAHealth */,
			);
		};
/* End PBXProject section */

/* Begin PBXResourcesBuildPhase section */
		686E5C6F1EF26555003771DC /* Resources */ = {
			isa = PBXResourcesBuildPhase;
			buildActionMask = 2147483647;
			files = (
				686E5C9E1EF26635003771DC /* Main.storyboard in Resources */,
				686E5C9C1EF26635003771DC /* Assets.xcassets in Resources */,
				6842201A1EF91290003B186E /* main_home@2x.png in Resources */,
				686E5C9D1EF26635003771DC /* LaunchScreen.storyboard in Resources */,
			);
			runOnlyForDeploymentPostprocessing = 0;
		};
/* End PBXResourcesBuildPhase section */

/* Begin PBXShellScriptBuildPhase section */
		E348F9ED5AEBED2CB66D2C8F /* [CP] Copy Pods Resources */ = {
			isa = PBXShellScriptBuildPhase;
			buildActionMask = 2147483647;
			files = (
			);
			inputPaths = (
			);
			name = "[CP] Copy Pods Resources";
			outputPaths = (
			);
			runOnlyForDeploymentPostprocessing = 0;
			shellPath = /bin/sh;
			shellScript = "\"${SRCROOT}/Pods/Target Support Files/Pods-XAHealth/Pods-XAHealth-resources.sh\"\n";
			showEnvVarsInLog = 0;
		};
		FA43CBBE22C2DE1E5A51523A /* [CP] Check Pods Manifest.lock */ = {
			isa = PBXShellScriptBuildPhase;
			buildActionMask = 2147483647;
			files = (
			);
			inputPaths = (
			);
			name = "[CP] Check Pods Manifest.lock";
			outputPaths = (
			);
			runOnlyForDeploymentPostprocessing = 0;
			shellPath = /bin/sh;
			shellScript = "diff \"${PODS_PODFILE_DIR_PATH}/Podfile.lock\" \"${PODS_ROOT}/Manifest.lock\" > /dev/null\nif [ $? != 0 ] ; then\n    # print error to STDERR\n    echo \"error: The sandbox is not in sync with the Podfile.lock. Run 'pod install' or update your CocoaPods installation.\" >&2\n    exit 1\nfi\n";
			showEnvVarsInLog = 0;
		};
		FE2CF0F92330F7B822862ED8 /* [CP] Embed Pods Frameworks */ = {
			isa = PBXShellScriptBuildPhase;
			buildActionMask = 2147483647;
			files = (
			);
			inputPaths = (
			);
			name = "[CP] Embed Pods Frameworks";
			outputPaths = (
			);
			runOnlyForDeploymentPostprocessing = 0;
			shellPath = /bin/sh;
			shellScript = "\"${SRCROOT}/Pods/Target Support Files/Pods-XAHealth/Pods-XAHealth-frameworks.sh\"\n";
			showEnvVarsInLog = 0;
		};
/* End PBXShellScriptBuildPhase section */

/* Begin PBXSourcesBuildPhase section */
		686E5C6D1EF26555003771DC /* Sources */ = {
			isa = PBXSourcesBuildPhase;
			buildActionMask = 2147483647;
			files = (
				6842200E1EF8EB05003B186E /* XAMenuViewController.m in Sources */,
				684220051EF8D2A2003B186E /* XAMainTabBarController.m in Sources */,
				68421FFC1EF8CFC9003B186E /* MMExampleDrawerVisualStateManager.m in Sources */,
				68421FFB1EF8CFC9003B186E /* MMDrawerVisualState.m in Sources */,
				684220131EF90066003B186E /* XABaseViewControllerManager.m in Sources */,
				68421FFD1EF8CFC9003B186E /* UIViewController+MMDrawerController.m in Sources */,
				68421FFA1EF8CFC9003B186E /* MMDrawerController.m in Sources */,
				68421FF91EF8CFC9003B186E /* MMDrawerBarButtonItem.m in Sources */,
				686E5CA01EF26635003771DC /* main.m in Sources */,
				686E5C9A1EF26635003771DC /* AppDelegate.m in Sources */,
			);
			runOnlyForDeploymentPostprocessing = 0;
		};
/* End PBXSourcesBuildPhase section */

/* Begin PBXVariantGroup section */
		686E5C941EF26635003771DC /* LaunchScreen.storyboard */ = {
			isa = PBXVariantGroup;
			children = (
				686E5C951EF26635003771DC /* Base */,
			);
			name = LaunchScreen.storyboard;
			sourceTree = "<group>";
		};
		686E5C961EF26635003771DC /* Main.storyboard */ = {
			isa = PBXVariantGroup;
			children = (
				686E5C971EF26635003771DC /* Base */,
			);
			name = Main.storyboard;
			sourceTree = "<group>";
		};
/* End PBXVariantGroup section */

/* Begin XCBuildConfiguration section */
		686E5C861EF26556003771DC /* Debug */ = {
			isa = XCBuildConfiguration;
			buildSettings = {
				ALWAYS_SEARCH_USER_PATHS = NO;
				CLANG_ANALYZER_NONNULL = YES;
				CLANG_ANALYZER_NUMBER_OBJECT_CONVERSION = YES_AGGRESSIVE;
				CLANG_CXX_LANGUAGE_STANDARD = "gnu++0x";
				CLANG_CXX_LIBRARY = "libc++";
				CLANG_ENABLE_MODULES = YES;
				CLANG_ENABLE_OBJC_ARC = YES;
				CLANG_WARN_BOOL_CONVERSION = YES;
				CLANG_WARN_CONSTANT_CONVERSION = YES;
				CLANG_WARN_DIRECT_OBJC_ISA_USAGE = YES_ERROR;
				CLANG_WARN_DOCUMENTATION_COMMENTS = YES;
				CLANG_WARN_EMPTY_BODY = YES;
				CLANG_WARN_ENUM_CONVERSION = YES;
				CLANG_WARN_INFINITE_RECURSION = YES;
				CLANG_WARN_INT_CONVERSION = YES;
				CLANG_WARN_OBJC_ROOT_CLASS = YES_ERROR;
				CLANG_WARN_SUSPICIOUS_MOVE = YES;
				CLANG_WARN_UNREACHABLE_CODE = YES;
				CLANG_WARN__DUPLICATE_METHOD_MATCH = YES;
				"CODE_SIGN_IDENTITY[sdk=iphoneos*]" = "iPhone Developer";
				COPY_PHASE_STRIP = NO;
				DEBUG_INFORMATION_FORMAT = dwarf;
				ENABLE_STRICT_OBJC_MSGSEND = YES;
				ENABLE_TESTABILITY = YES;
				GCC_C_LANGUAGE_STANDARD = gnu99;
				GCC_DYNAMIC_NO_PIC = NO;
				GCC_NO_COMMON_BLOCKS = YES;
				GCC_OPTIMIZATION_LEVEL = 0;
				GCC_PREPROCESSOR_DEFINITIONS = (
					"DEBUG=1",
					"$(inherited)",
				);
				GCC_WARN_64_TO_32_BIT_CONVERSION = YES;
				GCC_WARN_ABOUT_RETURN_TYPE = YES_ERROR;
				GCC_WARN_UNDECLARED_SELECTOR = YES;
				GCC_WARN_UNINITIALIZED_AUTOS = YES_AGGRESSIVE;
				GCC_WARN_UNUSED_FUNCTION = YES;
				GCC_WARN_UNUSED_VARIABLE = YES;
				IPHONEOS_DEPLOYMENT_TARGET = 10.3;
				MTL_ENABLE_DEBUG_INFO = YES;
				ONLY_ACTIVE_ARCH = YES;
				SDKROOT = iphoneos;
				TARGETED_DEVICE_FAMILY = "1,2";
			};
			name = Debug;
		};
		686E5C871EF26556003771DC /* Release */ = {
			isa = XCBuildConfiguration;
			buildSettings = {
				ALWAYS_SEARCH_USER_PATHS = NO;
				CLANG_ANALYZER_NONNULL = YES;
				CLANG_ANALYZER_NUMBER_OBJECT_CONVERSION = YES_AGGRESSIVE;
				CLANG_CXX_LANGUAGE_STANDARD = "gnu++0x";
				CLANG_CXX_LIBRARY = "libc++";
				CLANG_ENABLE_MODULES = YES;
				CLANG_ENABLE_OBJC_ARC = YES;
				CLANG_WARN_BOOL_CONVERSION = YES;
				CLANG_WARN_CONSTANT_CONVERSION = YES;
				CLANG_WARN_DIRECT_OBJC_ISA_USAGE = YES_ERROR;
				CLANG_WARN_DOCUMENTATION_COMMENTS = YES;
				CLANG_WARN_EMPTY_BODY = YES;
				CLANG_WARN_ENUM_CONVERSION = YES;
				CLANG_WARN_INFINITE_RECURSION = YES;
				CLANG_WARN_INT_CONVERSION = YES;
				CLANG_WARN_OBJC_ROOT_CLASS = YES_ERROR;
				CLANG_WARN_SUSPICIOUS_MOVE = YES;
				CLANG_WARN_UNREACHABLE_CODE = YES;
				CLANG_WARN__DUPLICATE_METHOD_MATCH = YES;
				"CODE_SIGN_IDENTITY[sdk=iphoneos*]" = "iPhone Developer";
				COPY_PHASE_STRIP = NO;
				DEBUG_INFORMATION_FORMAT = "dwarf-with-dsym";
				ENABLE_NS_ASSERTIONS = NO;
				ENABLE_STRICT_OBJC_MSGSEND = YES;
				GCC_C_LANGUAGE_STANDARD = gnu99;
				GCC_NO_COMMON_BLOCKS = YES;
				GCC_WARN_64_TO_32_BIT_CONVERSION = YES;
				GCC_WARN_ABOUT_RETURN_TYPE = YES_ERROR;
				GCC_WARN_UNDECLARED_SELECTOR = YES;
				GCC_WARN_UNINITIALIZED_AUTOS = YES_AGGRESSIVE;
				GCC_WARN_UNUSED_FUNCTION = YES;
				GCC_WARN_UNUSED_VARIABLE = YES;
				IPHONEOS_DEPLOYMENT_TARGET = 10.3;
				MTL_ENABLE_DEBUG_INFO = NO;
				SDKROOT = iphoneos;
				TARGETED_DEVICE_FAMILY = "1,2";
				VALIDATE_PRODUCT = YES;
			};
			name = Release;
		};
		686E5C891EF26556003771DC /* Debug */ = {
			isa = XCBuildConfiguration;
			baseConfigurationReference = E5E5898C3E9F0812427252AD /* Pods-XAHealth.debug.xcconfig */;
			buildSettings = {
				ASSETCATALOG_COMPILER_APPICON_NAME = AppIcon;
				CODE_SIGN_IDENTITY = "iPhone Developer";
				DEVELOPMENT_TEAM = 79GP3DY33X;
				INFOPLIST_FILE = "XAHealth/Supporting Files/Info.plist";
				IPHONEOS_DEPLOYMENT_TARGET = 8.0;
				LD_RUNPATH_SEARCH_PATHS = "$(inherited) @executable_path/Frameworks";
				PRODUCT_BUNDLE_IDENTIFIER = com.xingyang.XAHealth;
				PRODUCT_NAME = "$(TARGET_NAME)";
			};
			name = Debug;
		};
		686E5C8A1EF26556003771DC /* Release */ = {
			isa = XCBuildConfiguration;
			baseConfigurationReference = 41206616A5DC48F36C56E2F8 /* Pods-XAHealth.release.xcconfig */;
			buildSettings = {
				ASSETCATALOG_COMPILER_APPICON_NAME = AppIcon;
				CODE_SIGN_IDENTITY = "iPhone Developer";
				DEVELOPMENT_TEAM = 79GP3DY33X;
				INFOPLIST_FILE = "XAHealth/Supporting Files/Info.plist";
				IPHONEOS_DEPLOYMENT_TARGET = 8.0;
				LD_RUNPATH_SEARCH_PATHS = "$(inherited) @executable_path/Frameworks";
				PRODUCT_BUNDLE_IDENTIFIER = com.xingyang.XAHealth;
				PRODUCT_NAME = "$(TARGET_NAME)";
			};
			name = Release;
		};
/* End XCBuildConfiguration section */

/* Begin XCConfigurationList section */
		686E5C6C1EF26555003771DC /* Build configuration list for PBXProject "XAHealth" */ = {
			isa = XCConfigurationList;
			buildConfigurations = (
				686E5C861EF26556003771DC /* Debug */,
				686E5C871EF26556003771DC /* Release */,
			);
			defaultConfigurationIsVisible = 0;
			defaultConfigurationName = Release;
		};
		686E5C881EF26556003771DC /* Build configuration list for PBXNativeTarget "XAHealth" */ = {
			isa = XCConfigurationList;
			buildConfigurations = (
				686E5C891EF26556003771DC /* Debug */,
				686E5C8A1EF26556003771DC /* Release */,
			);
			defaultConfigurationIsVisible = 0;
			defaultConfigurationName = Release;
		};
/* End XCConfigurationList section */
	};
	rootObject = 686E5C691EF26555003771DC /* Project object */;
}
